
Microsoft Visual Studio Solution File, Format Version 12.00
# Visual Studio 14
VisualStudioVersion = 14.0.25420.1
MinimumVisualStudioVersion = 10.0.40219.1
Project("{FAE04EC0-301F-11D3-BF4B-00C04F79EFBC}") = "SalesSYS_Min", "SalesSYS_Min\SalesSYS_Min.csproj", "{3CD5BC96-DF7F-4332-B352-AD3C8D9F475B}"
EndProject
Global
	GlobalSection(SolutionConfigurationPlatforms) = preSolution
		Debug|Any CPU = Debug|Any CPU
		Release|Any CPU = Release|Any CPU
	EndGlobalSection
	GlobalSection(ProjectConfigurationPlatforms) = postSolution
		{3CD5BC96-DF7F-4332-B352-AD3C8D9F475B}.Debug|Any CPU.ActiveCfg = Debug|Any CPU
		{3CD5BC96-DF7F-4332-B352-AD3C8D9F475B}.Debug|Any CPU.Build.0 = Debug|Any CPU
		{3CD5BC96-DF7F-4332-B352-AD3C8D9F475B}.Release|Any CPU.ActiveCfg = Release|Any CPU
		{3CD5BC96-DF7F-4332-B352-AD3C8D9F475B}.Release|Any CPU.Build.0 = Release|Any CPU
	EndGlobalSection
	GlobalSection(SolutionProperties) = preSolution
		HideSolutionNode = FALSE
	EndGlobalSection
EndGlobal
